<?xml version="1.0" encoding="utf-8"?>
<Project ToolsVersion="4.0" xmlns="http://schemas.microsoft.com/developer/msbuild/2003">
  <ItemGroup>
    <Filter Include="源文件">
      <UniqueIdentifier>{4FC737F1-C7A5-4376-A066-2A32D752A2FF}</UniqueIdentifier>
      <Extensions>cpp;c;cc;cxx;def;odl;idl;hpj;bat;asm;asmx</Extensions>
    </Filter>
    <Filter Include="头文件">
      <UniqueIdentifier>{93995380-89BD-4b04-88EB-625FBE52EBFB}</UniqueIdentifier>
      <Extensions>h;hh;hpp;hxx;hm;inl;inc;ipp;xsd</Extensions>
    </Filter>
    <Filter Include="资源文件">
      <UniqueIdentifier>{67DA6AB6-F800-4c08-8B7A-83BB121AAD01}</UniqueIdentifier>
      <Extensions>rc;ico;cur;bmp;dlg;rc2;rct;bin;rgs;gif;jpg;jpeg;jpe;resx;tiff;tif;png;wav;mfcribbon-ms</Extensions>
    </Filter>
    <Filter Include="shaders">
      <UniqueIdentifier>{ac529d9b-5a1d-4c71-9dfe-f25c53b1d434}</UniqueIdentifier>
    </Filter>
    <Filter Include="shaders\test">
      <UniqueIdentifier>{15204fc4-5367-430b-9406-d20f17504d77}</UniqueIdentifier>
    </Filter>
    <Filter Include="shaders\demo">
      <UniqueIdentifier>{8c726450-3e46-49ff-aa01-c48a60ac9dde}</UniqueIdentifier>
    </Filter>
  </ItemGroup>
  <ItemGroup>
    <ClInclude Include="stdafx.h">
      <Filter>头文件</Filter>
    </ClInclude>
    <ClInclude Include="targetver.h">
      <Filter>头文件</Filter>
    </ClInclude>
    <ClInclude Include="ShaderUtil.hpp">
      <Filter>头文件</Filter>
    </ClInclude>
    <ClInclude Include="FileUtil.hpp">
      <Filter>头文件</Filter>
    </ClInclude>
    <ClInclude Include="RenderDemoBase.hpp">
      <Filter>头文件</Filter>
    </ClInclude>
    <ClInclude Include="TriangleDemo.hpp">
      <Filter>头文件</Filter>
    </ClInclude>
    <ClInclude Include="ColorfulTriangle.hpp">
      <Filter>头文件</Filter>
    </ClInclude>
    <ClInclude Include="Texture.hpp">
      <Filter>头文件</Filter>
    </ClInclude>
    <ClInclude Include="Image.hpp">
      <Filter>头文件</Filter>
    </ClInclude>
    <ClInclude Include="TransformDemo.hpp">
      <Filter>头文件</Filter>
    </ClInclude>
    <ClInclude Include="DoubleTexture.hpp">
      <Filter>头文件</Filter>
    </ClInclude>
  </ItemGroup>
  <ItemGroup>
    <ClCompile Include="stdafx.cpp">
      <Filter>源文件</Filter>
    </ClCompile>
    <ClCompile Include="main.cpp">
      <Filter>源文件</Filter>
    </ClCompile>
    <ClCompile Include="..\deps\glad.c">
      <Filter>源文件</Filter>
    </ClCompile>
  </ItemGroup>
  <ItemGroup>
    <None Include="shaders\test\test1.frag">
      <Filter>shaders\test</Filter>
    </None>
    <None Include="shaders\test\test1.vert">
      <Filter>shaders\test</Filter>
    </None>
    <None Include="shaders\demo\colorful.vert">
      <Filter>shaders\demo</Filter>
    </None>
    <None Include="shaders\demo\colorful.frag">
      <Filter>shaders\demo</Filter>
    </None>
    <None Include="shaders\demo\texture.frag">
      <Filter>shaders\demo</Filter>
    </None>
    <None Include="shaders\demo\texture.vert">
      <Filter>shaders\demo</Filter>
    </None>
    <None Include="shaders\demo\transformDemo.vert">
      <Filter>shaders\demo</Filter>
    </None>
    <None Include="shaders\demo\transformDemo.frag">
      <Filter>shaders\demo</Filter>
    </None>
    <None Include="shaders\demo\DoubleTexture.vert">
      <Filter>shaders\demo</Filter>
    </None>
    <None Include="shaders\demo\DoubleTexture.frag">
      <Filter>shaders\demo</Filter>
    </None>
  </ItemGroup>
</Project>